
Microsoft Visual Studio Solution File, Format Version 12.00
# Visual Studio Version 16
VisualStudioVersion = 25.0.1700.0
MinimumVisualStudioVersion = 10.0.40219.1
Project("{FAE04EC0-301F-11D3-BF4B-00C04F79EFBC}") = "demo", "generic-gateway\demo.csproj", "{81E5758D-6AFD-4C3C-9D29-66BF176AE377}"
EndProject
Project("{FAE04EC0-301F-11D3-BF4B-00C04F79EFBC}") = "infrastructure", "infrastructure\infrastructure.csproj", "{CA34EEB2-38E7-4BE2-89BE-D3176F0A82FB}"
EndProject
Project("{FAE04EC0-301F-11D3-BF4B-00C04F79EFBC}") = "aero.codegen.protocols", "aero.codegen.protocols\aero.codegen.protocols.csproj", "{19F67FEE-8E80-440A-AB16-66B9830702D3}"
EndProject
Global
	GlobalSection(SolutionConfigurationPlatforms) = preSolution
		Debug|Any CPU = Debug|Any CPU
		Release|Any CPU = Release|Any CPU
	EndGlobalSection
	GlobalSection(ProjectConfigurationPlatforms) = postSolution
		{81E5758D-6AFD-4C3C-9D29-66BF176AE377}.Debug|Any CPU.ActiveCfg = Debug|Any CPU
		{81E5758D-6AFD-4C3C-9D29-66BF176AE377}.Debug|Any CPU.Build.0 = Debug|Any CPU
		{81E5758D-6AFD-4C3C-9D29-66BF176AE377}.Release|Any CPU.ActiveCfg = Release|Any CPU
		{81E5758D-6AFD-4C3C-9D29-66BF176AE377}.Release|Any CPU.Build.0 = Release|Any CPU
		{CA34EEB2-38E7-4BE2-89BE-D3176F0A82FB}.Debug|Any CPU.ActiveCfg = Debug|Any CPU
		{CA34EEB2-38E7-4BE2-89BE-D3176F0A82FB}.Debug|Any CPU.Build.0 = Debug|Any CPU
		{CA34EEB2-38E7-4BE2-89BE-D3176F0A82FB}.Release|Any CPU.ActiveCfg = Release|Any CPU
		{CA34EEB2-38E7-4BE2-89BE-D3176F0A82FB}.Release|Any CPU.Build.0 = Release|Any CPU
		{19F67FEE-8E80-440A-AB16-66B9830702D3}.Debug|Any CPU.ActiveCfg = Debug|Any CPU
		{19F67FEE-8E80-440A-AB16-66B9830702D3}.Debug|Any CPU.Build.0 = Debug|Any CPU
		{19F67FEE-8E80-440A-AB16-66B9830702D3}.Release|Any CPU.ActiveCfg = Release|Any CPU
		{19F67FEE-8E80-440A-AB16-66B9830702D3}.Release|Any CPU.Build.0 = Release|Any CPU
	EndGlobalSection
	GlobalSection(SolutionProperties) = preSolution
		HideSolutionNode = FALSE
	EndGlobalSection
	GlobalSection(ExtensibilityGlobals) = postSolution
		SolutionGuid = {B7C2D99A-E2CE-411A-AD38-F0528DE08250}
	EndGlobalSection
EndGlobal
